// !$*UTF8*$!
{
	archiveVersion = 1;
	classes = {
	};
	objectVersion = 55;
	objects = {

/* Begin PBXBuildFile section */
		75095632286036F9008A5F2F /* Weather.swift in Sources */ = {isa = PBXBuildFile; fileRef = 75095631286036F9008A5F2F /* Weather.swift */; };
		7509563C28606771008A5F2F /* Request.swift in Sources */ = {isa = PBXBuildFile; fileRef = 7509563B28606771008A5F2F /* Request.swift */; };
		7509563E2860678F008A5F2F /* Response.swift in Sources */ = {isa = PBXBuildFile; fileRef = 7509563D2860678F008A5F2F /* Response.swift */; };
		750956482861A5B8008A5F2F /* WeatherModel.swift in Sources */ = {isa = PBXBuildFile; fileRef = 750956472861A5B8008A5F2F /* WeatherModel.swift */; };
		75095652286431D0008A5F2F /* WeatherError.swift in Sources */ = {isa = PBXBuildFile; fileRef = 75095651286431D0008A5F2F /* WeatherError.swift */; };
		75095654286453B4008A5F2F /* InitialViewController.swift in Sources */ = {isa = PBXBuildFile; fileRef = 75095653286453B4008A5F2F /* InitialViewController.swift */; };
		755899402869748A00313AA4 /* WeatherViewControllerTest.swift in Sources */ = {isa = PBXBuildFile; fileRef = 7558993F2869748A00313AA4 /* WeatherViewControllerTest.swift */; };
		7592D782285AC44B00F9A413 /* AppDelegate.swift in Sources */ = {isa = PBXBuildFile; fileRef = 7592D781285AC44B00F9A413 /* AppDelegate.swift */; };
		7592D784285AC44B00F9A413 /* SceneDelegate.swift in Sources */ = {isa = PBXBuildFile; fileRef = 7592D783285AC44B00F9A413 /* SceneDelegate.swift */; };
		7592D786285AC44B00F9A413 /* WeatherViewController.swift in Sources */ = {isa = PBXBuildFile; fileRef = 7592D785285AC44B00F9A413 /* WeatherViewController.swift */; };
		7592D789285AC44B00F9A413 /* Main.storyboard in Resources */ = {isa = PBXBuildFile; fileRef = 7592D787285AC44B00F9A413 /* Main.storyboard */; };
		7592D78B285AC44C00F9A413 /* Assets.xcassets in Resources */ = {isa = PBXBuildFile; fileRef = 7592D78A285AC44C00F9A413 /* Assets.xcassets */; };
		7592D78E285AC44C00F9A413 /* LaunchScreen.storyboard in Resources */ = {isa = PBXBuildFile; fileRef = 7592D78C285AC44C00F9A413 /* LaunchScreen.storyboard */; };
		7592D797285AC71300F9A413 /* YumemiWeather in Frameworks */ = {isa = PBXBuildFile; productRef = 7592D796285AC71300F9A413 /* YumemiWeather */; };
/* End PBXBuildFile section */

/* Begin PBXContainerItemProxy section */
		755899412869748A00313AA4 /* PBXContainerItemProxy */ = {
			isa = PBXContainerItemProxy;
			containerPortal = 7592D776285AC44B00F9A413 /* Project object */;
			proxyType = 1;
			remoteGlobalIDString = 7592D77D285AC44B00F9A413;
			remoteInfo = "Yumemi-iOS-Training";
		};
/* End PBXContainerItemProxy section */

/* Begin PBXFileReference section */
		75095631286036F9008A5F2F /* Weather.swift */ = {isa = PBXFileReference; fileEncoding = 4; lastKnownFileType = sourcecode.swift; path = Weather.swift; sourceTree = "<group>"; };
		7509563B28606771008A5F2F /* Request.swift */ = {isa = PBXFileReference; lastKnownFileType = sourcecode.swift; path = Request.swift; sourceTree = "<group>"; };
		7509563D2860678F008A5F2F /* Response.swift */ = {isa = PBXFileReference; lastKnownFileType = sourcecode.swift; path = Response.swift; sourceTree = "<group>"; };
		750956472861A5B8008A5F2F /* WeatherModel.swift */ = {isa = PBXFileReference; lastKnownFileType = sourcecode.swift; path = WeatherModel.swift; sourceTree = "<group>"; };
		75095651286431D0008A5F2F /* WeatherError.swift */ = {isa = PBXFileReference; lastKnownFileType = sourcecode.swift; path = WeatherError.swift; sourceTree = "<group>"; };
		75095653286453B4008A5F2F /* InitialViewController.swift */ = {isa = PBXFileReference; lastKnownFileType = sourcecode.swift; path = InitialViewController.swift; sourceTree = "<group>"; };
		7558993D2869748A00313AA4 /* Yumemi-iOS-TrainingTest.xctest */ = {isa = PBXFileReference; explicitFileType = wrapper.cfbundle; includeInIndex = 0; path = "Yumemi-iOS-TrainingTest.xctest"; sourceTree = BUILT_PRODUCTS_DIR; };
		7558993F2869748A00313AA4 /* WeatherViewControllerTest.swift */ = {isa = PBXFileReference; lastKnownFileType = sourcecode.swift; path = WeatherViewControllerTest.swift; sourceTree = "<group>"; };
		7592D77E285AC44B00F9A413 /* Yumemi-iOS-Training.app */ = {isa = PBXFileReference; explicitFileType = wrapper.application; includeInIndex = 0; path = "Yumemi-iOS-Training.app"; sourceTree = BUILT_PRODUCTS_DIR; };
		7592D781285AC44B00F9A413 /* AppDelegate.swift */ = {isa = PBXFileReference; lastKnownFileType = sourcecode.swift; path = AppDelegate.swift; sourceTree = "<group>"; };
		7592D783285AC44B00F9A413 /* SceneDelegate.swift */ = {isa = PBXFileReference; lastKnownFileType = sourcecode.swift; path = SceneDelegate.swift; sourceTree = "<group>"; };
		7592D785285AC44B00F9A413 /* WeatherViewController.swift */ = {isa = PBXFileReference; lastKnownFileType = sourcecode.swift; path = WeatherViewController.swift; sourceTree = "<group>"; };
		7592D788285AC44B00F9A413 /* Base */ = {isa = PBXFileReference; lastKnownFileType = file.storyboard; name = Base; path = Base.lproj/Main.storyboard; sourceTree = "<group>"; };
		7592D78A285AC44C00F9A413 /* Assets.xcassets */ = {isa = PBXFileReference; lastKnownFileType = folder.assetcatalog; path = Assets.xcassets; sourceTree = "<group>"; };
		7592D78D285AC44C00F9A413 /* Base */ = {isa = PBXFileReference; lastKnownFileType = file.storyboard; name = Base; path = Base.lproj/LaunchScreen.storyboard; sourceTree = "<group>"; };
		7592D78F285AC44C00F9A413 /* Info.plist */ = {isa = PBXFileReference; lastKnownFileType = text.plist.xml; path = Info.plist; sourceTree = "<group>"; };
/* End PBXFileReference section */

/* Begin PBXFrameworksBuildPhase section */
		7558993A2869748A00313AA4 /* Frameworks */ = {
			isa = PBXFrameworksBuildPhase;
			buildActionMask = 2147483647;
			files = (
			);
			runOnlyForDeploymentPostprocessing = 0;
		};
		7592D77B285AC44B00F9A413 /* Frameworks */ = {
			isa = PBXFrameworksBuildPhase;
			buildActionMask = 2147483647;
			files = (
				7592D797285AC71300F9A413 /* YumemiWeather in Frameworks */,
			);
			runOnlyForDeploymentPostprocessing = 0;
		};
/* End PBXFrameworksBuildPhase section */

/* Begin PBXGroup section */
		750956492861AD7D008A5F2F /* Model */ = {
			isa = PBXGroup;
			children = (
				750956472861A5B8008A5F2F /* WeatherModel.swift */,
			);
			path = Model;
			sourceTree = "<group>";
		};
		7509564A2861AD8D008A5F2F /* Data */ = {
			isa = PBXGroup;
			children = (
				7509563B28606771008A5F2F /* Request.swift */,
				7509563D2860678F008A5F2F /* Response.swift */,
				75095631286036F9008A5F2F /* Weather.swift */,
				75095651286431D0008A5F2F /* WeatherError.swift */,
			);
			path = Data;
			sourceTree = "<group>";
		};
		7509564C2861ADC2008A5F2F /* ViewController */ = {
			isa = PBXGroup;
			children = (
				7592D785285AC44B00F9A413 /* WeatherViewController.swift */,
				75095653286453B4008A5F2F /* InitialViewController.swift */,
			);
			path = ViewController;
			sourceTree = "<group>";
		};
		7558993E2869748A00313AA4 /* Yumemi-iOS-TrainingTest */ = {
			isa = PBXGroup;
			children = (
				7558993F2869748A00313AA4 /* WeatherViewControllerTest.swift */,
			);
			path = "Yumemi-iOS-TrainingTest";
			sourceTree = "<group>";
		};
		7592D775285AC44B00F9A413 = {
			isa = PBXGroup;
			children = (
				7592D780285AC44B00F9A413 /* Yumemi-iOS-Training */,
				7558993E2869748A00313AA4 /* Yumemi-iOS-TrainingTest */,
				7592D77F285AC44B00F9A413 /* Products */,
			);
			sourceTree = "<group>";
		};
		7592D77F285AC44B00F9A413 /* Products */ = {
			isa = PBXGroup;
			children = (
				7592D77E285AC44B00F9A413 /* Yumemi-iOS-Training.app */,
				7558993D2869748A00313AA4 /* Yumemi-iOS-TrainingTest.xctest */,
			);
			name = Products;
			sourceTree = "<group>";
		};
		7592D780285AC44B00F9A413 /* Yumemi-iOS-Training */ = {
			isa = PBXGroup;
			children = (
				7509564C2861ADC2008A5F2F /* ViewController */,
				7509564A2861AD8D008A5F2F /* Data */,
				750956492861AD7D008A5F2F /* Model */,
				7592D781285AC44B00F9A413 /* AppDelegate.swift */,
				7592D783285AC44B00F9A413 /* SceneDelegate.swift */,
				7592D787285AC44B00F9A413 /* Main.storyboard */,
				7592D78A285AC44C00F9A413 /* Assets.xcassets */,
				7592D78C285AC44C00F9A413 /* LaunchScreen.storyboard */,
				7592D78F285AC44C00F9A413 /* Info.plist */,
			);
			path = "Yumemi-iOS-Training";
			sourceTree = "<group>";
		};
/* End PBXGroup section */

/* Begin PBXNativeTarget section */
		7558993C2869748A00313AA4 /* Yumemi-iOS-TrainingTest */ = {
			isa = PBXNativeTarget;
			buildConfigurationList = 755899452869748A00313AA4 /* Build configuration list for PBXNativeTarget "Yumemi-iOS-TrainingTest" */;
			buildPhases = (
				755899392869748A00313AA4 /* Sources */,
				7558993A2869748A00313AA4 /* Frameworks */,
				7558993B2869748A00313AA4 /* Resources */,
			);
			buildRules = (
			);
			dependencies = (
				755899422869748A00313AA4 /* PBXTargetDependency */,
			);
			name = "Yumemi-iOS-TrainingTest";
			productName = "Yumemi-iOS-TrainingTest";
			productReference = 7558993D2869748A00313AA4 /* Yumemi-iOS-TrainingTest.xctest */;
			productType = "com.apple.product-type.bundle.unit-test";
		};
		7592D77D285AC44B00F9A413 /* Yumemi-iOS-Training */ = {
			isa = PBXNativeTarget;
			buildConfigurationList = 7592D792285AC44C00F9A413 /* Build configuration list for PBXNativeTarget "Yumemi-iOS-Training" */;
			buildPhases = (
				7592D77A285AC44B00F9A413 /* Sources */,
				7592D77B285AC44B00F9A413 /* Frameworks */,
				7592D77C285AC44B00F9A413 /* Resources */,
			);
			buildRules = (
			);
			dependencies = (
			);
			name = "Yumemi-iOS-Training";
			packageProductDependencies = (
				7592D796285AC71300F9A413 /* YumemiWeather */,
			);
			productName = "Yumemi-iOS-Training";
			productReference = 7592D77E285AC44B00F9A413 /* Yumemi-iOS-Training.app */;
			productType = "com.apple.product-type.application";
		};
/* End PBXNativeTarget section */

/* Begin PBXProject section */
		7592D776285AC44B00F9A413 /* Project object */ = {
			isa = PBXProject;
			attributes = {
				BuildIndependentTargetsInParallel = 1;
				LastSwiftUpdateCheck = 1340;
				LastUpgradeCheck = 1340;
				TargetAttributes = {
					7558993C2869748A00313AA4 = {
						CreatedOnToolsVersion = 13.4;
						TestTargetID = 7592D77D285AC44B00F9A413;
					};
					7592D77D285AC44B00F9A413 = {
						CreatedOnToolsVersion = 13.4;
					};
				};
			};
			buildConfigurationList = 7592D779285AC44B00F9A413 /* Build configuration list for PBXProject "Yumemi-iOS-Training" */;
			compatibilityVersion = "Xcode 13.0";
			developmentRegion = en;
			hasScannedForEncodings = 0;
			knownRegions = (
				en,
				Base,
			);
			mainGroup = 7592D775285AC44B00F9A413;
			packageReferences = (
				7592D795285AC71300F9A413 /* XCRemoteSwiftPackageReference "ios-training" */,
			);
			productRefGroup = 7592D77F285AC44B00F9A413 /* Products */;
			projectDirPath = "";
			projectRoot = "";
			targets = (
				7592D77D285AC44B00F9A413 /* Yumemi-iOS-Training */,
				7558993C2869748A00313AA4 /* Yumemi-iOS-TrainingTest */,
			);
		};
/* End PBXProject section */

/* Begin PBXResourcesBuildPhase section */
		7558993B2869748A00313AA4 /* Resources */ = {
			isa = PBXResourcesBuildPhase;
			buildActionMask = 2147483647;
			files = (
			);
			runOnlyForDeploymentPostprocessing = 0;
		};
		7592D77C285AC44B00F9A413 /* Resources */ = {
			isa = PBXResourcesBuildPhase;
			buildActionMask = 2147483647;
			files = (
				7592D78E285AC44C00F9A413 /* LaunchScreen.storyboard in Resources */,
				7592D78B285AC44C00F9A413 /* Assets.xcassets in Resources */,
				7592D789285AC44B00F9A413 /* Main.storyboard in Resources */,
			);
			runOnlyForDeploymentPostprocessing = 0;
		};
/* End PBXResourcesBuildPhase section */

/* Begin PBXSourcesBuildPhase section */
		755899392869748A00313AA4 /* Sources */ = {
			isa = PBXSourcesBuildPhase;
			buildActionMask = 2147483647;
			files = (
				755899402869748A00313AA4 /* WeatherViewControllerTest.swift in Sources */,
			);
			runOnlyForDeploymentPostprocessing = 0;
		};
		7592D77A285AC44B00F9A413 /* Sources */ = {
			isa = PBXSourcesBuildPhase;
			buildActionMask = 2147483647;
			files = (
				75095632286036F9008A5F2F /* Weather.swift in Sources */,
				7592D786285AC44B00F9A413 /* WeatherViewController.swift in Sources */,
				7509563C28606771008A5F2F /* Request.swift in Sources */,
				75095654286453B4008A5F2F /* InitialViewController.swift in Sources */,
				7592D782285AC44B00F9A413 /* AppDelegate.swift in Sources */,
				7509563E2860678F008A5F2F /* Response.swift in Sources */,
				750956482861A5B8008A5F2F /* WeatherModel.swift in Sources */,
				75095652286431D0008A5F2F /* WeatherError.swift in Sources */,
				7592D784285AC44B00F9A413 /* SceneDelegate.swift in Sources */,
			);
			runOnlyForDeploymentPostprocessing = 0;
		};
/* End PBXSourcesBuildPhase section */

/* Begin PBXTargetDependency section */
		755899422869748A00313AA4 /* PBXTargetDependency */ = {
			isa = PBXTargetDependency;
			target = 7592D77D285AC44B00F9A413 /* Yumemi-iOS-Training */;
			targetProxy = 755899412869748A00313AA4 /* PBXContainerItemProxy */;
		};
/* End PBXTargetDependency section */

/* Begin PBXVariantGroup section */
		7592D787285AC44B00F9A413 /* Main.storyboard */ = {
			isa = PBXVariantGroup;
			children = (
				7592D788285AC44B00F9A413 /* Base */,
			);
			name = Main.storyboard;
			sourceTree = "<group>";
		};
		7592D78C285AC44C00F9A413 /* LaunchScreen.storyboard */ = {
			isa = PBXVariantGroup;
			children = (
				7592D78D285AC44C00F9A413 /* Base */,
			);
			name = LaunchScreen.storyboard;
			sourceTree = "<group>";
		};
/* End PBXVariantGroup section */

/* Begin XCBuildConfiguration section */
		755899432869748A00313AA4 /* Debug */ = {
			isa = XCBuildConfiguration;
			buildSettings = {
				BUNDLE_LOADER = "$(TEST_HOST)";
				CODE_SIGN_STYLE = Automatic;
				CURRENT_PROJECT_VERSION = 1;
				GENERATE_INFOPLIST_FILE = YES;
				MARKETING_VERSION = 1.0;
				PRODUCT_BUNDLE_IDENTIFIER = "naruo.Yumemi-iOS-TrainingTest";
				PRODUCT_NAME = "$(TARGET_NAME)";
				SWIFT_EMIT_LOC_STRINGS = NO;
				SWIFT_VERSION = 5.0;
				TARGETED_DEVICE_FAMILY = "1,2";
				TEST_HOST = "$(BUILT_PRODUCTS_DIR)/Yumemi-iOS-Training.app/Yumemi-iOS-Training";
			};
			name = Debug;
		};
		755899442869748A00313AA4 /* Release */ = {
			isa = XCBuildConfiguration;
			buildSettings = {
				BUNDLE_LOADER = "$(TEST_HOST)";
				CODE_SIGN_STYLE = Automatic;
				CURRENT_PROJECT_VERSION = 1;
				GENERATE_INFOPLIST_FILE = YES;
				MARKETING_VERSION = 1.0;
				PRODUCT_BUNDLE_IDENTIFIER = "naruo.Yumemi-iOS-TrainingTest";
				PRODUCT_NAME = "$(TARGET_NAME)";
				SWIFT_EMIT_LOC_STRINGS = NO;
				SWIFT_VERSION = 5.0;
				TARGETED_DEVICE_FAMILY = "1,2";
				TEST_HOST = "$(BUILT_PRODUCTS_DIR)/Yumemi-iOS-Training.app/Yumemi-iOS-Training";
			};
			name = Release;
		};
		7592D790285AC44C00F9A413 /* Debug */ = {
			isa = XCBuildConfiguration;
			buildSettings = {
				ALWAYS_SEARCH_USER_PATHS = NO;
				CLANG_ANALYZER_NONNULL = YES;
				CLANG_ANALYZER_NUMBER_OBJECT_CONVERSION = YES_AGGRESSIVE;
				CLANG_CXX_LANGUAGE_STANDARD = "gnu++17";
				CLANG_ENABLE_MODULES = YES;
				CLANG_ENABLE_OBJC_ARC = YES;
				CLANG_ENABLE_OBJC_WEAK = YES;
				CLANG_WARN_BLOCK_CAPTURE_AUTORELEASING = YES;
				CLANG_WARN_BOOL_CONVERSION = YES;
				CLANG_WARN_COMMA = YES;
				CLANG_WARN_CONSTANT_CONVERSION = YES;
				CLANG_WARN_DEPRECATED_OBJC_IMPLEMENTATIONS = YES;
				CLANG_WARN_DIRECT_OBJC_ISA_USAGE = YES_ERROR;
				CLANG_WARN_DOCUMENTATION_COMMENTS = YES;
				CLANG_WARN_EMPTY_BODY = YES;
				CLANG_WARN_ENUM_CONVERSION = YES;
				CLANG_WARN_INFINITE_RECURSION = YES;
				CLANG_WARN_INT_CONVERSION = YES;
				CLANG_WARN_NON_LITERAL_NULL_CONVERSION = YES;
				CLANG_WARN_OBJC_IMPLICIT_RETAIN_SELF = YES;
				CLANG_WARN_OBJC_LITERAL_CONVERSION = YES;
				CLANG_WARN_OBJC_ROOT_CLASS = YES_ERROR;
				CLANG_WARN_QUOTED_INCLUDE_IN_FRAMEWORK_HEADER = YES;
				CLANG_WARN_RANGE_LOOP_ANALYSIS = YES;
				CLANG_WARN_STRICT_PROTOTYPES = YES;
				CLANG_WARN_SUSPICIOUS_MOVE = YES;
				CLANG_WARN_UNGUARDED_AVAILABILITY = YES_AGGRESSIVE;
				CLANG_WARN_UNREACHABLE_CODE = YES;
				CLANG_WARN__DUPLICATE_METHOD_MATCH = YES;
				COPY_PHASE_STRIP = NO;
				DEBUG_INFORMATION_FORMAT = dwarf;
				ENABLE_STRICT_OBJC_MSGSEND = YES;
				ENABLE_TESTABILITY = YES;
				GCC_C_LANGUAGE_STANDARD = gnu11;
				GCC_DYNAMIC_NO_PIC = NO;
				GCC_NO_COMMON_BLOCKS = YES;
				GCC_OPTIMIZATION_LEVEL = 0;
				GCC_PREPROCESSOR_DEFINITIONS = (
					"DEBUG=1",
					"$(inherited)",
				);
				GCC_WARN_64_TO_32_BIT_CONVERSION = YES;
				GCC_WARN_ABOUT_RETURN_TYPE = YES_ERROR;
				GCC_WARN_UNDECLARED_SELECTOR = YES;
				GCC_WARN_UNINITIALIZED_AUTOS = YES_AGGRESSIVE;
				GCC_WARN_UNUSED_FUNCTION = YES;
				GCC_WARN_UNUSED_VARIABLE = YES;
				IPHONEOS_DEPLOYMENT_TARGET = 15.5;
				MTL_ENABLE_DEBUG_INFO = INCLUDE_SOURCE;
				MTL_FAST_MATH = YES;
				ONLY_ACTIVE_ARCH = YES;
				SDKROOT = iphoneos;
				SWIFT_ACTIVE_COMPILATION_CONDITIONS = DEBUG;
				SWIFT_OPTIMIZATION_LEVEL = "-Onone";
			};
			name = Debug;
		};
		7592D791285AC44C00F9A413 /* Release */ = {
			isa = XCBuildConfiguration;
			buildSettings = {
				ALWAYS_SEARCH_USER_PATHS = NO;
				CLANG_ANALYZER_NONNULL = YES;
				CLANG_ANALYZER_NUMBER_OBJECT_CONVERSION = YES_AGGRESSIVE;
				CLANG_CXX_LANGUAGE_STANDARD = "gnu++17";
				CLANG_ENABLE_MODULES = YES;
				CLANG_ENABLE_OBJC_ARC = YES;
				CLANG_ENABLE_OBJC_WEAK = YES;
				CLANG_WARN_BLOCK_CAPTURE_AUTORELEASING = YES;
				CLANG_WARN_BOOL_CONVERSION = YES;
				CLANG_WARN_COMMA = YES;
				CLANG_WARN_CONSTANT_CONVERSION = YES;
				CLANG_WARN_DEPRECATED_OBJC_IMPLEMENTATIONS = YES;
				CLANG_WARN_DIRECT_OBJC_ISA_USAGE = YES_ERROR;
				CLANG_WARN_DOCUMENTATION_COMMENTS = YES;
				CLANG_WARN_EMPTY_BODY = YES;
				CLANG_WARN_ENUM_CONVERSION = YES;
				CLANG_WARN_INFINITE_RECURSION = YES;
				CLANG_WARN_INT_CONVERSION = YES;
				CLANG_WARN_NON_LITERAL_NULL_CONVERSION = YES;
				CLANG_WARN_OBJC_IMPLICIT_RETAIN_SELF = YES;
				CLANG_WARN_OBJC_LITERAL_CONVERSION = YES;
				CLANG_WARN_OBJC_ROOT_CLASS = YES_ERROR;
				CLANG_WARN_QUOTED_INCLUDE_IN_FRAMEWORK_HEADER = YES;
				CLANG_WARN_RANGE_LOOP_ANALYSIS = YES;
				CLANG_WARN_STRICT_PROTOTYPES = YES;
				CLANG_WARN_SUSPICIOUS_MOVE = YES;
				CLANG_WARN_UNGUARDED_AVAILABILITY = YES_AGGRESSIVE;
				CLANG_WARN_UNREACHABLE_CODE = YES;
				CLANG_WARN__DUPLICATE_METHOD_MATCH = YES;
				COPY_PHASE_STRIP = NO;
				DEBUG_INFORMATION_FORMAT = "dwarf-with-dsym";
				ENABLE_NS_ASSERTIONS = NO;
				ENABLE_STRICT_OBJC_MSGSEND = YES;
				GCC_C_LANGUAGE_STANDARD = gnu11;
				GCC_NO_COMMON_BLOCKS = YES;
				GCC_WARN_64_TO_32_BIT_CONVERSION = YES;
				GCC_WARN_ABOUT_RETURN_TYPE = YES_ERROR;
				GCC_WARN_UNDECLARED_SELECTOR = YES;
				GCC_WARN_UNINITIALIZED_AUTOS = YES_AGGRESSIVE;
				GCC_WARN_UNUSED_FUNCTION = YES;
				GCC_WARN_UNUSED_VARIABLE = YES;
				IPHONEOS_DEPLOYMENT_TARGET = 15.5;
				MTL_ENABLE_DEBUG_INFO = NO;
				MTL_FAST_MATH = YES;
				SDKROOT = iphoneos;
				SWIFT_COMPILATION_MODE = wholemodule;
				SWIFT_OPTIMIZATION_LEVEL = "-O";
				VALIDATE_PRODUCT = YES;
			};
			name = Release;
		};
		7592D793285AC44C00F9A413 /* Debug */ = {
			isa = XCBuildConfiguration;
			buildSettings = {
				ASSETCATALOG_COMPILER_APPICON_NAME = AppIcon;
				ASSETCATALOG_COMPILER_GLOBAL_ACCENT_COLOR_NAME = AccentColor;
				CODE_SIGN_STYLE = Automatic;
				CURRENT_PROJECT_VERSION = 1;
				GENERATE_INFOPLIST_FILE = YES;
				INFOPLIST_FILE = "Yumemi-iOS-Training/Info.plist";
				INFOPLIST_KEY_UIApplicationSupportsIndirectInputEvents = YES;
				INFOPLIST_KEY_UILaunchStoryboardName = LaunchScreen;
				INFOPLIST_KEY_UIMainStoryboardFile = Main;
				INFOPLIST_KEY_UISupportedInterfaceOrientations_iPad = "UIInterfaceOrientationPortrait UIInterfaceOrientationPortraitUpsideDown UIInterfaceOrientationLandscapeLeft UIInterfaceOrientationLandscapeRight";
				INFOPLIST_KEY_UISupportedInterfaceOrientations_iPhone = "UIInterfaceOrientationPortrait UIInterfaceOrientationLandscapeLeft UIInterfaceOrientationLandscapeRight";
				LD_RUNPATH_SEARCH_PATHS = (
					"$(inherited)",
					"@executable_path/Frameworks",
				);
				MARKETING_VERSION = 1.0;
				PRODUCT_BUNDLE_IDENTIFIER = "naruo.Yumemi-iOS-Training";
				PRODUCT_NAME = "$(TARGET_NAME)";
				SWIFT_EMIT_LOC_STRINGS = YES;
				SWIFT_VERSION = 5.0;
				TARGETED_DEVICE_FAMILY = "1,2";
			};
			name = Debug;
		};
		7592D794285AC44C00F9A413 /* Release */ = {
			isa = XCBuildConfiguration;
			buildSettings = {
				ASSETCATALOG_COMPILER_APPICON_NAME = AppIcon;
				ASSETCATALOG_COMPILER_GLOBAL_ACCENT_COLOR_NAME = AccentColor;
				CODE_SIGN_STYLE = Automatic;
				CURRENT_PROJECT_VERSION = 1;
				GENERATE_INFOPLIST_FILE = YES;
				INFOPLIST_FILE = "Yumemi-iOS-Training/Info.plist";
				INFOPLIST_KEY_UIApplicationSupportsIndirectInputEvents = YES;
				INFOPLIST_KEY_UILaunchStoryboardName = LaunchScreen;
				INFOPLIST_KEY_UIMainStoryboardFile = Main;
				INFOPLIST_KEY_UISupportedInterfaceOrientations_iPad = "UIInterfaceOrientationPortrait UIInterfaceOrientationPortraitUpsideDown UIInterfaceOrientationLandscapeLeft UIInterfaceOrientationLandscapeRight";
				INFOPLIST_KEY_UISupportedInterfaceOrientations_iPhone = "UIInterfaceOrientationPortrait UIInterfaceOrientationLandscapeLeft UIInterfaceOrientationLandscapeRight";
				LD_RUNPATH_SEARCH_PATHS = (
					"$(inherited)",
					"@executable_path/Frameworks",
				);
				MARKETING_VERSION = 1.0;
				PRODUCT_BUNDLE_IDENTIFIER = "naruo.Yumemi-iOS-Training";
				PRODUCT_NAME = "$(TARGET_NAME)";
				SWIFT_EMIT_LOC_STRINGS = YES;
				SWIFT_VERSION = 5.0;
				TARGETED_DEVICE_FAMILY = "1,2";
			};
			name = Release;
		};
/* End XCBuildConfiguration section */

/* Begin XCConfigurationList section */
		755899452869748A00313AA4 /* Build configuration list for PBXNativeTarget "Yumemi-iOS-TrainingTest" */ = {
			isa = XCConfigurationList;
			buildConfigurations = (
				755899432869748A00313AA4 /* Debug */,
				755899442869748A00313AA4 /* Release */,
			);
			defaultConfigurationIsVisible = 0;
			defaultConfigurationName = Release;
		};
		7592D779285AC44B00F9A413 /* Build configuration list for PBXProject "Yumemi-iOS-Training" */ = {
			isa = XCConfigurationList;
			buildConfigurations = (
				7592D790285AC44C00F9A413 /* Debug */,
				7592D791285AC44C00F9A413 /* Release */,
			);
			defaultConfigurationIsVisible = 0;
			defaultConfigurationName = Release;
		};
		7592D792285AC44C00F9A413 /* Build configuration list for PBXNativeTarget "Yumemi-iOS-Training" */ = {
			isa = XCConfigurationList;
			buildConfigurations = (
				7592D793285AC44C00F9A413 /* Debug */,
				7592D794285AC44C00F9A413 /* Release */,
			);
			defaultConfigurationIsVisible = 0;
			defaultConfigurationName = Release;
		};
/* End XCConfigurationList section */

/* Begin XCRemoteSwiftPackageReference section */
		7592D795285AC71300F9A413 /* XCRemoteSwiftPackageReference "ios-training" */ = {
			isa = XCRemoteSwiftPackageReference;
			repositoryURL = "https://github.com/yumemi-inc/ios-training.git";
			requirement = {
				branch = main;
				kind = branch;
			};
		};
/* End XCRemoteSwiftPackageReference section */

/* Begin XCSwiftPackageProductDependency section */
		7592D796285AC71300F9A413 /* YumemiWeather */ = {
			isa = XCSwiftPackageProductDependency;
			package = 7592D795285AC71300F9A413 /* XCRemoteSwiftPackageReference "ios-training" */;
			productName = YumemiWeather;
		};
/* End XCSwiftPackageProductDependency section */
	};
	rootObject = 7592D776285AC44B00F9A413 /* Project object */;
}
