{
  "pins" : [
    {
      "identity" : "ios-training",
      "kind" : "remoteSourceControl",
      "location" : "https://github.com/yumemi-inc/ios-training.git",
      "state" : {
        "branch" : "main",
        "revision" : "0c5dc570fec4111c588737ef9b7626cd30469da4"
      }
    }
  ],
  "version" : 2
}
